
Microsoft Visual Studio Solution File, Format Version 12.00
# Visual Studio Version 16
VisualStudioVersion = 16.0.30804.86
MinimumVisualStudioVersion = 10.0.40219.1
Project("{FAE04EC0-301F-11D3-BF4B-00C04F79EFBC}") = "SampleMVC.Core", "SampleMVC.Core\SampleMVC.Core.csproj", "{6F398274-632D-49AB-92EA-D7F7DC216F7F}"
EndProject
Project("{9A19103F-16F7-4668-BE54-9A1E7A4F7556}") = "SampleMVC.WebApp", "SampleMVC.WebApp\SampleMVC.WebApp.csproj", "{150ED8C5-4B3C-489C-84CC-40AFB0BE740D}"
EndProject
Project("{9A19103F-16F7-4668-BE54-9A1E7A4F7556}") = "SampleMVC.Infraestructure", "SampleMVC.Data\SampleMVC.Infraestructure.csproj", "{EBF59506-FD17-4BC4-BF5B-3EAAF43BD6D3}"
EndProject
Project("{2150E333-8FDC-42A3-9474-1A3956D46DE8}") = "Solution Items", "Solution Items", "{D9E12ED5-9033-4BF9-BEF1-8606CDEDBCD7}"
	ProjectSection(SolutionItems) = preProject
		README.md = README.md
	EndProjectSection
EndProject
Global
	GlobalSection(SolutionConfigurationPlatforms) = preSolution
		Debug|Any CPU = Debug|Any CPU
		Release|Any CPU = Release|Any CPU
	EndGlobalSection
	GlobalSection(ProjectConfigurationPlatforms) = postSolution
		{6F398274-632D-49AB-92EA-D7F7DC216F7F}.Debug|Any CPU.ActiveCfg = Debug|Any CPU
		{6F398274-632D-49AB-92EA-D7F7DC216F7F}.Debug|Any CPU.Build.0 = Debug|Any CPU
		{6F398274-632D-49AB-92EA-D7F7DC216F7F}.Release|Any CPU.ActiveCfg = Release|Any CPU
		{6F398274-632D-49AB-92EA-D7F7DC216F7F}.Release|Any CPU.Build.0 = Release|Any CPU
		{150ED8C5-4B3C-489C-84CC-40AFB0BE740D}.Debug|Any CPU.ActiveCfg = Debug|Any CPU
		{150ED8C5-4B3C-489C-84CC-40AFB0BE740D}.Debug|Any CPU.Build.0 = Debug|Any CPU
		{150ED8C5-4B3C-489C-84CC-40AFB0BE740D}.Release|Any CPU.ActiveCfg = Release|Any CPU
		{150ED8C5-4B3C-489C-84CC-40AFB0BE740D}.Release|Any CPU.Build.0 = Release|Any CPU
		{EBF59506-FD17-4BC4-BF5B-3EAAF43BD6D3}.Debug|Any CPU.ActiveCfg = Debug|Any CPU
		{EBF59506-FD17-4BC4-BF5B-3EAAF43BD6D3}.Debug|Any CPU.Build.0 = Debug|Any CPU
		{EBF59506-FD17-4BC4-BF5B-3EAAF43BD6D3}.Release|Any CPU.ActiveCfg = Release|Any CPU
		{EBF59506-FD17-4BC4-BF5B-3EAAF43BD6D3}.Release|Any CPU.Build.0 = Release|Any CPU
	EndGlobalSection
	GlobalSection(SolutionProperties) = preSolution
		HideSolutionNode = FALSE
	EndGlobalSection
	GlobalSection(ExtensibilityGlobals) = postSolution
		SolutionGuid = {9027F1E8-542F-49E0-BF9C-400485FFAB18}
	EndGlobalSection
EndGlobal
